
Microsoft Visual Studio Solution File, Format Version 12.00
# Visual Studio 15
VisualStudioVersion = 15.0.28307.572
MinimumVisualStudioVersion = 10.0.40219.1
Project("{FAE04EC0-301F-11D3-BF4B-00C04F79EFBC}") = "duck.web", "duck.web\duck.web.csproj", "{4F0756B0-83C1-4DC2-9EBA-1B9C8838F9C3}"
EndProject
Project("{FAE04EC0-301F-11D3-BF4B-00C04F79EFBC}") = "duck.model", "duck.model\duck.model.csproj", "{7ADD2DBE-4E97-4548-93AD-EE4D962450DC}"
EndProject
Project("{FAE04EC0-301F-11D3-BF4B-00C04F79EFBC}") = "duck.api", "duck.api\duck.api.csproj", "{6633A08B-2F75-460C-BEB1-89B731B016F9}"
EndProject
Project("{FAE04EC0-301F-11D3-BF4B-00C04F79EFBC}") = "duck.api.test", "duck.api.test\duck.api.test.csproj", "{211904D1-E668-4E50-BA9A-E584DAA5B038}"
EndProject
Global
	GlobalSection(SolutionConfigurationPlatforms) = preSolution
		Debug|Any CPU = Debug|Any CPU
		Release|Any CPU = Release|Any CPU
	EndGlobalSection
	GlobalSection(ProjectConfigurationPlatforms) = postSolution
		{4F0756B0-83C1-4DC2-9EBA-1B9C8838F9C3}.Debug|Any CPU.ActiveCfg = Debug|Any CPU
		{4F0756B0-83C1-4DC2-9EBA-1B9C8838F9C3}.Debug|Any CPU.Build.0 = Debug|Any CPU
		{4F0756B0-83C1-4DC2-9EBA-1B9C8838F9C3}.Release|Any CPU.ActiveCfg = Release|Any CPU
		{4F0756B0-83C1-4DC2-9EBA-1B9C8838F9C3}.Release|Any CPU.Build.0 = Release|Any CPU
		{7ADD2DBE-4E97-4548-93AD-EE4D962450DC}.Debug|Any CPU.ActiveCfg = Debug|Any CPU
		{7ADD2DBE-4E97-4548-93AD-EE4D962450DC}.Debug|Any CPU.Build.0 = Debug|Any CPU
		{7ADD2DBE-4E97-4548-93AD-EE4D962450DC}.Release|Any CPU.ActiveCfg = Release|Any CPU
		{7ADD2DBE-4E97-4548-93AD-EE4D962450DC}.Release|Any CPU.Build.0 = Release|Any CPU
		{6633A08B-2F75-460C-BEB1-89B731B016F9}.Debug|Any CPU.ActiveCfg = Debug|Any CPU
		{6633A08B-2F75-460C-BEB1-89B731B016F9}.Debug|Any CPU.Build.0 = Debug|Any CPU
		{6633A08B-2F75-460C-BEB1-89B731B016F9}.Release|Any CPU.ActiveCfg = Release|Any CPU
		{6633A08B-2F75-460C-BEB1-89B731B016F9}.Release|Any CPU.Build.0 = Release|Any CPU
		{211904D1-E668-4E50-BA9A-E584DAA5B038}.Debug|Any CPU.ActiveCfg = Debug|Any CPU
		{211904D1-E668-4E50-BA9A-E584DAA5B038}.Debug|Any CPU.Build.0 = Debug|Any CPU
		{211904D1-E668-4E50-BA9A-E584DAA5B038}.Release|Any CPU.ActiveCfg = Release|Any CPU
		{211904D1-E668-4E50-BA9A-E584DAA5B038}.Release|Any CPU.Build.0 = Release|Any CPU
	EndGlobalSection
	GlobalSection(SolutionProperties) = preSolution
		HideSolutionNode = FALSE
	EndGlobalSection
	GlobalSection(ExtensibilityGlobals) = postSolution
		SolutionGuid = {42810B0F-1D62-4596-B486-77295E1AC5AB}
	EndGlobalSection
EndGlobal
